// !$*UTF8*$!
{
	archiveVersion = 1;
	classes = {
	};
	objectVersion = 50;
	objects = {

/* Begin PBXBuildFile section */
		22AB312D26D6BCDB001EF551 /* AppDelegate.swift in Sources */ = {isa = PBXBuildFile; fileRef = 22AB312C26D6BCDB001EF551 /* AppDelegate.swift */; };
		22AB312F26D6BCDB001EF551 /* SceneDelegate.swift in Sources */ = {isa = PBXBuildFile; fileRef = 22AB312E26D6BCDB001EF551 /* SceneDelegate.swift */; };
		22AB313126D6BCDB001EF551 /* ViewController.swift in Sources */ = {isa = PBXBuildFile; fileRef = 22AB313026D6BCDB001EF551 /* ViewController.swift */; };
		22AB313426D6BCDB001EF551 /* Main.storyboard in Resources */ = {isa = PBXBuildFile; fileRef = 22AB313226D6BCDB001EF551 /* Main.storyboard */; };
		22AB313626D6BCDC001EF551 /* Assets.xcassets in Resources */ = {isa = PBXBuildFile; fileRef = 22AB313526D6BCDC001EF551 /* Assets.xcassets */; };
		22AB313926D6BCDC001EF551 /* LaunchScreen.storyboard in Resources */ = {isa = PBXBuildFile; fileRef = 22AB313726D6BCDC001EF551 /* LaunchScreen.storyboard */; };
		22AB314326D6C037001EF551 /* MenuView.swift in Sources */ = {isa = PBXBuildFile; fileRef = 22AB314226D6C037001EF551 /* MenuView.swift */; };
/* End PBXBuildFile section */

/* Begin PBXFileReference section */
		22AB312926D6BCDB001EF551 /* Aula CoreMotion.app */ = {isa = PBXFileReference; explicitFileType = wrapper.application; includeInIndex = 0; path = "Aula CoreMotion.app"; sourceTree = BUILT_PRODUCTS_DIR; };
		22AB312C26D6BCDB001EF551 /* AppDelegate.swift */ = {isa = PBXFileReference; lastKnownFileType = sourcecode.swift; path = AppDelegate.swift; sourceTree = "<group>"; };
		22AB312E26D6BCDB001EF551 /* SceneDelegate.swift */ = {isa = PBXFileReference; lastKnownFileType = sourcecode.swift; path = SceneDelegate.swift; sourceTree = "<group>"; };
		22AB313026D6BCDB001EF551 /* ViewController.swift */ = {isa = PBXFileReference; lastKnownFileType = sourcecode.swift; path = ViewController.swift; sourceTree = "<group>"; };
		22AB313326D6BCDB001EF551 /* Base */ = {isa = PBXFileReference; lastKnownFileType = file.storyboard; name = Base; path = Base.lproj/Main.storyboard; sourceTree = "<group>"; };
		22AB313526D6BCDC001EF551 /* Assets.xcassets */ = {isa = PBXFileReference; lastKnownFileType = folder.assetcatalog; path = Assets.xcassets; sourceTree = "<group>"; };
		22AB313826D6BCDC001EF551 /* Base */ = {isa = PBXFileReference; lastKnownFileType = file.storyboard; name = Base; path = Base.lproj/LaunchScreen.storyboard; sourceTree = "<group>"; };
		22AB313A26D6BCDC001EF551 /* Info.plist */ = {isa = PBXFileReference; lastKnownFileType = text.plist.xml; path = Info.plist; sourceTree = "<group>"; };
		22AB314226D6C037001EF551 /* MenuView.swift */ = {isa = PBXFileReference; lastKnownFileType = sourcecode.swift; path = MenuView.swift; sourceTree = "<group>"; };
/* End PBXFileReference section */

/* Begin PBXFrameworksBuildPhase section */
		22AB312626D6BCDB001EF551 /* Frameworks */ = {
			isa = PBXFrameworksBuildPhase;
			buildActionMask = 2147483647;
			files = (
			);
			runOnlyForDeploymentPostprocessing = 0;
		};
/* End PBXFrameworksBuildPhase section */

/* Begin PBXGroup section */
		22AB312026D6BCDB001EF551 = {
			isa = PBXGroup;
			children = (
				22AB312B26D6BCDB001EF551 /* Aula CoreMotion */,
				22AB312A26D6BCDB001EF551 /* Products */,
			);
			sourceTree = "<group>";
		};
		22AB312A26D6BCDB001EF551 /* Products */ = {
			isa = PBXGroup;
			children = (
				22AB312926D6BCDB001EF551 /* Aula CoreMotion.app */,
			);
			name = Products;
			sourceTree = "<group>";
		};
		22AB312B26D6BCDB001EF551 /* Aula CoreMotion */ = {
			isa = PBXGroup;
			children = (
				22AB313026D6BCDB001EF551 /* ViewController.swift */,
				22AB314226D6C037001EF551 /* MenuView.swift */,
				22AB314026D6BCE9001EF551 /* System */,
				22AB314126D6BCFF001EF551 /* Assets */,
				22AB313A26D6BCDC001EF551 /* Info.plist */,
			);
			path = "Aula CoreMotion";
			sourceTree = "<group>";
		};
		22AB314026D6BCE9001EF551 /* System */ = {
			isa = PBXGroup;
			children = (
				22AB313226D6BCDB001EF551 /* Main.storyboard */,
				22AB313726D6BCDC001EF551 /* LaunchScreen.storyboard */,
				22AB312C26D6BCDB001EF551 /* AppDelegate.swift */,
				22AB312E26D6BCDB001EF551 /* SceneDelegate.swift */,
			);
			path = System;
			sourceTree = "<group>";
		};
		22AB314126D6BCFF001EF551 /* Assets */ = {
			isa = PBXGroup;
			children = (
				22AB313526D6BCDC001EF551 /* Assets.xcassets */,
			);
			path = Assets;
			sourceTree = "<group>";
		};
/* End PBXGroup section */

/* Begin PBXNativeTarget section */
		22AB312826D6BCDB001EF551 /* Aula CoreMotion */ = {
			isa = PBXNativeTarget;
			buildConfigurationList = 22AB313D26D6BCDC001EF551 /* Build configuration list for PBXNativeTarget "Aula CoreMotion" */;
			buildPhases = (
				22AB312526D6BCDB001EF551 /* Sources */,
				22AB312626D6BCDB001EF551 /* Frameworks */,
				22AB312726D6BCDB001EF551 /* Resources */,
			);
			buildRules = (
			);
			dependencies = (
			);
			name = "Aula CoreMotion";
			productName = "Aula CoreMotion";
			productReference = 22AB312926D6BCDB001EF551 /* Aula CoreMotion.app */;
			productType = "com.apple.product-type.application";
		};
/* End PBXNativeTarget section */

/* Begin PBXProject section */
		22AB312126D6BCDB001EF551 /* Project object */ = {
			isa = PBXProject;
			attributes = {
				LastSwiftUpdateCheck = 1250;
				LastUpgradeCheck = 1250;
				TargetAttributes = {
					22AB312826D6BCDB001EF551 = {
						CreatedOnToolsVersion = 12.5.1;
					};
				};
			};
			buildConfigurationList = 22AB312426D6BCDB001EF551 /* Build configuration list for PBXProject "Aula CoreMotion" */;
			compatibilityVersion = "Xcode 9.3";
			developmentRegion = en;
			hasScannedForEncodings = 0;
			knownRegions = (
				en,
				Base,
			);
			mainGroup = 22AB312026D6BCDB001EF551;
			productRefGroup = 22AB312A26D6BCDB001EF551 /* Products */;
			projectDirPath = "";
			projectRoot = "";
			targets = (
				22AB312826D6BCDB001EF551 /* Aula CoreMotion */,
			);
		};
/* End PBXProject section */

/* Begin PBXResourcesBuildPhase section */
		22AB312726D6BCDB001EF551 /* Resources */ = {
			isa = PBXResourcesBuildPhase;
			buildActionMask = 2147483647;
			files = (
				22AB313926D6BCDC001EF551 /* LaunchScreen.storyboard in Resources */,
				22AB313626D6BCDC001EF551 /* Assets.xcassets in Resources */,
				22AB313426D6BCDB001EF551 /* Main.storyboard in Resources */,
			);
			runOnlyForDeploymentPostprocessing = 0;
		};
/* End PBXResourcesBuildPhase section */

/* Begin PBXSourcesBuildPhase section */
		22AB312526D6BCDB001EF551 /* Sources */ = {
			isa = PBXSourcesBuildPhase;
			buildActionMask = 2147483647;
			files = (
				22AB313126D6BCDB001EF551 /* ViewController.swift in Sources */,
				22AB314326D6C037001EF551 /* MenuView.swift in Sources */,
				22AB312D26D6BCDB001EF551 /* AppDelegate.swift in Sources */,
				22AB312F26D6BCDB001EF551 /* SceneDelegate.swift in Sources */,
			);
			runOnlyForDeploymentPostprocessing = 0;
		};
/* End PBXSourcesBuildPhase section */

/* Begin PBXVariantGroup section */
		22AB313226D6BCDB001EF551 /* Main.storyboard */ = {
			isa = PBXVariantGroup;
			children = (
				22AB313326D6BCDB001EF551 /* Base */,
			);
			name = Main.storyboard;
			sourceTree = "<group>";
		};
		22AB313726D6BCDC001EF551 /* LaunchScreen.storyboard */ = {
			isa = PBXVariantGroup;
			children = (
				22AB313826D6BCDC001EF551 /* Base */,
			);
			name = LaunchScreen.storyboard;
			sourceTree = "<group>";
		};
/* End PBXVariantGroup section */

/* Begin XCBuildConfiguration section */
		22AB313B26D6BCDC001EF551 /* Debug */ = {
			isa = XCBuildConfiguration;
			buildSettings = {
				ALWAYS_SEARCH_USER_PATHS = NO;
				CLANG_ANALYZER_NONNULL = YES;
				CLANG_ANALYZER_NUMBER_OBJECT_CONVERSION = YES_AGGRESSIVE;
				CLANG_CXX_LANGUAGE_STANDARD = "gnu++14";
				CLANG_CXX_LIBRARY = "libc++";
				CLANG_ENABLE_MODULES = YES;
				CLANG_ENABLE_OBJC_ARC = YES;
				CLANG_ENABLE_OBJC_WEAK = YES;
				CLANG_WARN_BLOCK_CAPTURE_AUTORELEASING = YES;
				CLANG_WARN_BOOL_CONVERSION = YES;
				CLANG_WARN_COMMA = YES;
				CLANG_WARN_CONSTANT_CONVERSION = YES;
				CLANG_WARN_DEPRECATED_OBJC_IMPLEMENTATIONS = YES;
				CLANG_WARN_DIRECT_OBJC_ISA_USAGE = YES_ERROR;
				CLANG_WARN_DOCUMENTATION_COMMENTS = YES;
				CLANG_WARN_EMPTY_BODY = YES;
				CLANG_WARN_ENUM_CONVERSION = YES;
				CLANG_WARN_INFINITE_RECURSION = YES;
				CLANG_WARN_INT_CONVERSION = YES;
				CLANG_WARN_NON_LITERAL_NULL_CONVERSION = YES;
				CLANG_WARN_OBJC_IMPLICIT_RETAIN_SELF = YES;
				CLANG_WARN_OBJC_LITERAL_CONVERSION = YES;
				CLANG_WARN_OBJC_ROOT_CLASS = YES_ERROR;
				CLANG_WARN_QUOTED_INCLUDE_IN_FRAMEWORK_HEADER = YES;
				CLANG_WARN_RANGE_LOOP_ANALYSIS = YES;
				CLANG_WARN_STRICT_PROTOTYPES = YES;
				CLANG_WARN_SUSPICIOUS_MOVE = YES;
				CLANG_WARN_UNGUARDED_AVAILABILITY = YES_AGGRESSIVE;
				CLANG_WARN_UNREACHABLE_CODE = YES;
				CLANG_WARN__DUPLICATE_METHOD_MATCH = YES;
				COPY_PHASE_STRIP = NO;
				DEBUG_INFORMATION_FORMAT = dwarf;
				ENABLE_STRICT_OBJC_MSGSEND = YES;
				ENABLE_TESTABILITY = YES;
				GCC_C_LANGUAGE_STANDARD = gnu11;
				GCC_DYNAMIC_NO_PIC = NO;
				GCC_NO_COMMON_BLOCKS = YES;
				GCC_OPTIMIZATION_LEVEL = 0;
				GCC_PREPROCESSOR_DEFINITIONS = (
					"DEBUG=1",
					"$(inherited)",
				);
				GCC_WARN_64_TO_32_BIT_CONVERSION = YES;
				GCC_WARN_ABOUT_RETURN_TYPE = YES_ERROR;
				GCC_WARN_UNDECLARED_SELECTOR = YES;
				GCC_WARN_UNINITIALIZED_AUTOS = YES_AGGRESSIVE;
				GCC_WARN_UNUSED_FUNCTION = YES;
				GCC_WARN_UNUSED_VARIABLE = YES;
				IPHONEOS_DEPLOYMENT_TARGET = 14.5;
				MTL_ENABLE_DEBUG_INFO = INCLUDE_SOURCE;
				MTL_FAST_MATH = YES;
				ONLY_ACTIVE_ARCH = YES;
				SDKROOT = iphoneos;
				SWIFT_ACTIVE_COMPILATION_CONDITIONS = DEBUG;
				SWIFT_OPTIMIZATION_LEVEL = "-Onone";
			};
			name = Debug;
		};
		22AB313C26D6BCDC001EF551 /* Release */ = {
			isa = XCBuildConfiguration;
			buildSettings = {
				ALWAYS_SEARCH_USER_PATHS = NO;
				CLANG_ANALYZER_NONNULL = YES;
				CLANG_ANALYZER_NUMBER_OBJECT_CONVERSION = YES_AGGRESSIVE;
				CLANG_CXX_LANGUAGE_STANDARD = "gnu++14";
				CLANG_CXX_LIBRARY = "libc++";
				CLANG_ENABLE_MODULES = YES;
				CLANG_ENABLE_OBJC_ARC = YES;
				CLANG_ENABLE_OBJC_WEAK = YES;
				CLANG_WARN_BLOCK_CAPTURE_AUTORELEASING = YES;
				CLANG_WARN_BOOL_CONVERSION = YES;
				CLANG_WARN_COMMA = YES;
				CLANG_WARN_CONSTANT_CONVERSION = YES;
				CLANG_WARN_DEPRECATED_OBJC_IMPLEMENTATIONS = YES;
				CLANG_WARN_DIRECT_OBJC_ISA_USAGE = YES_ERROR;
				CLANG_WARN_DOCUMENTATION_COMMENTS = YES;
				CLANG_WARN_EMPTY_BODY = YES;
				CLANG_WARN_ENUM_CONVERSION = YES;
				CLANG_WARN_INFINITE_RECURSION = YES;
				CLANG_WARN_INT_CONVERSION = YES;
				CLANG_WARN_NON_LITERAL_NULL_CONVERSION = YES;
				CLANG_WARN_OBJC_IMPLICIT_RETAIN_SELF = YES;
				CLANG_WARN_OBJC_LITERAL_CONVERSION = YES;
				CLANG_WARN_OBJC_ROOT_CLASS = YES_ERROR;
				CLANG_WARN_QUOTED_INCLUDE_IN_FRAMEWORK_HEADER = YES;
				CLANG_WARN_RANGE_LOOP_ANALYSIS = YES;
				CLANG_WARN_STRICT_PROTOTYPES = YES;
				CLANG_WARN_SUSPICIOUS_MOVE = YES;
				CLANG_WARN_UNGUARDED_AVAILABILITY = YES_AGGRESSIVE;
				CLANG_WARN_UNREACHABLE_CODE = YES;
				CLANG_WARN__DUPLICATE_METHOD_MATCH = YES;
				COPY_PHASE_STRIP = NO;
				DEBUG_INFORMATION_FORMAT = "dwarf-with-dsym";
				ENABLE_NS_ASSERTIONS = NO;
				ENABLE_STRICT_OBJC_MSGSEND = YES;
				GCC_C_LANGUAGE_STANDARD = gnu11;
				GCC_NO_COMMON_BLOCKS = YES;
				GCC_WARN_64_TO_32_BIT_CONVERSION = YES;
				GCC_WARN_ABOUT_RETURN_TYPE = YES_ERROR;
				GCC_WARN_UNDECLARED_SELECTOR = YES;
				GCC_WARN_UNINITIALIZED_AUTOS = YES_AGGRESSIVE;
				GCC_WARN_UNUSED_FUNCTION = YES;
				GCC_WARN_UNUSED_VARIABLE = YES;
				IPHONEOS_DEPLOYMENT_TARGET = 14.5;
				MTL_ENABLE_DEBUG_INFO = NO;
				MTL_FAST_MATH = YES;
				SDKROOT = iphoneos;
				SWIFT_COMPILATION_MODE = wholemodule;
				SWIFT_OPTIMIZATION_LEVEL = "-O";
				VALIDATE_PRODUCT = YES;
			};
			name = Release;
		};
		22AB313E26D6BCDC001EF551 /* Debug */ = {
			isa = XCBuildConfiguration;
			buildSettings = {
				ASSETCATALOG_COMPILER_APPICON_NAME = AppIcon;
				ASSETCATALOG_COMPILER_GLOBAL_ACCENT_COLOR_NAME = AccentColor;
				CODE_SIGN_STYLE = Automatic;
				DEVELOPMENT_TEAM = 534V229RMK;
				INFOPLIST_FILE = "Aula CoreMotion/Info.plist";
				LD_RUNPATH_SEARCH_PATHS = (
					"$(inherited)",
					"@executable_path/Frameworks",
				);
				PRODUCT_BUNDLE_IDENTIFIER = "Kings.Aula-CoreMotion";
				PRODUCT_NAME = "$(TARGET_NAME)";
				SWIFT_VERSION = 5.0;
				TARGETED_DEVICE_FAMILY = 1;
			};
			name = Debug;
		};
		22AB313F26D6BCDC001EF551 /* Release */ = {
			isa = XCBuildConfiguration;
			buildSettings = {
				ASSETCATALOG_COMPILER_APPICON_NAME = AppIcon;
				ASSETCATALOG_COMPILER_GLOBAL_ACCENT_COLOR_NAME = AccentColor;
				CODE_SIGN_STYLE = Automatic;
				DEVELOPMENT_TEAM = 534V229RMK;
				INFOPLIST_FILE = "Aula CoreMotion/Info.plist";
				LD_RUNPATH_SEARCH_PATHS = (
					"$(inherited)",
					"@executable_path/Frameworks",
				);
				PRODUCT_BUNDLE_IDENTIFIER = "Kings.Aula-CoreMotion";
				PRODUCT_NAME = "$(TARGET_NAME)";
				SWIFT_VERSION = 5.0;
				TARGETED_DEVICE_FAMILY = 1;
			};
			name = Release;
		};
/* End XCBuildConfiguration section */

/* Begin XCConfigurationList section */
		22AB312426D6BCDB001EF551 /* Build configuration list for PBXProject "Aula CoreMotion" */ = {
			isa = XCConfigurationList;
			buildConfigurations = (
				22AB313B26D6BCDC001EF551 /* Debug */,
				22AB313C26D6BCDC001EF551 /* Release */,
			);
			defaultConfigurationIsVisible = 0;
			defaultConfigurationName = Release;
		};
		22AB313D26D6BCDC001EF551 /* Build configuration list for PBXNativeTarget "Aula CoreMotion" */ = {
			isa = XCConfigurationList;
			buildConfigurations = (
				22AB313E26D6BCDC001EF551 /* Debug */,
				22AB313F26D6BCDC001EF551 /* Release */,
			);
			defaultConfigurationIsVisible = 0;
			defaultConfigurationName = Release;
		};
/* End XCConfigurationList section */
	};
	rootObject = 22AB312126D6BCDB001EF551 /* Project object */;
}
