// !$*UTF8*$!
{
	archiveVersion = 1;
	classes = {
	};
	objectVersion = 55;
	objects = {

/* Begin PBXBuildFile section */
		22399B8227E258E3001DC9F8 /* AudioController.swift in Sources */ = {isa = PBXBuildFile; fileRef = 22399B8127E258E3001DC9F8 /* AudioController.swift */; };
		22399B8427E25940001DC9F8 /* AudioDelegate.swift in Sources */ = {isa = PBXBuildFile; fileRef = 22399B8327E25940001DC9F8 /* AudioDelegate.swift */; };
		22399B8627E25980001DC9F8 /* Audio.swift in Sources */ = {isa = PBXBuildFile; fileRef = 22399B8527E25980001DC9F8 /* Audio.swift */; };
		22399B8827E25AE1001DC9F8 /* ScreenOne.swift in Sources */ = {isa = PBXBuildFile; fileRef = 22399B8727E25AE1001DC9F8 /* ScreenOne.swift */; };
		22399B8A27E262B4001DC9F8 /* Buttons.swift in Sources */ = {isa = PBXBuildFile; fileRef = 22399B8927E262B4001DC9F8 /* Buttons.swift */; };
		22399B8C27E2639C001DC9F8 /* UIButton+Buttons.swift in Sources */ = {isa = PBXBuildFile; fileRef = 22399B8B27E2639C001DC9F8 /* UIButton+Buttons.swift */; };
		22399B9027E281E8001DC9F8 /* CostumViews.swift in Sources */ = {isa = PBXBuildFile; fileRef = 22399B8F27E281E8001DC9F8 /* CostumViews.swift */; };
		22BBC1C027E2577100EAC87A /* AppDelegate.swift in Sources */ = {isa = PBXBuildFile; fileRef = 22BBC1BF27E2577100EAC87A /* AppDelegate.swift */; };
		22BBC1C227E2577100EAC87A /* SceneDelegate.swift in Sources */ = {isa = PBXBuildFile; fileRef = 22BBC1C127E2577100EAC87A /* SceneDelegate.swift */; };
		22BBC1C427E2577100EAC87A /* ViewController.swift in Sources */ = {isa = PBXBuildFile; fileRef = 22BBC1C327E2577100EAC87A /* ViewController.swift */; };
		22BBC1C927E2577200EAC87A /* Assets.xcassets in Resources */ = {isa = PBXBuildFile; fileRef = 22BBC1C827E2577200EAC87A /* Assets.xcassets */; };
		22BBC1CC27E2577200EAC87A /* LaunchScreen.storyboard in Resources */ = {isa = PBXBuildFile; fileRef = 22BBC1CA27E2577200EAC87A /* LaunchScreen.storyboard */; };
		22C105F927E8ED0D0095EB3E /* Som-Colisao.mp3 in Resources */ = {isa = PBXBuildFile; fileRef = 22C105F527E8ED0D0095EB3E /* Som-Colisao.mp3 */; };
		22C105FA27E8ED0D0095EB3E /* Som-Botao.mp3 in Resources */ = {isa = PBXBuildFile; fileRef = 22C105F627E8ED0D0095EB3E /* Som-Botao.mp3 */; };
		22C105FB27E8ED0D0095EB3E /* Musica-Fundo.mp3 in Resources */ = {isa = PBXBuildFile; fileRef = 22C105F727E8ED0D0095EB3E /* Musica-Fundo.mp3 */; };
		22C105FC27E8ED0D0095EB3E /* Som-Swipe.mp3 in Resources */ = {isa = PBXBuildFile; fileRef = 22C105F827E8ED0D0095EB3E /* Som-Swipe.mp3 */; };
/* End PBXBuildFile section */

/* Begin PBXFileReference section */
		22399B8127E258E3001DC9F8 /* AudioController.swift */ = {isa = PBXFileReference; lastKnownFileType = sourcecode.swift; path = AudioController.swift; sourceTree = "<group>"; };
		22399B8327E25940001DC9F8 /* AudioDelegate.swift */ = {isa = PBXFileReference; lastKnownFileType = sourcecode.swift; path = AudioDelegate.swift; sourceTree = "<group>"; };
		22399B8527E25980001DC9F8 /* Audio.swift */ = {isa = PBXFileReference; lastKnownFileType = sourcecode.swift; path = Audio.swift; sourceTree = "<group>"; };
		22399B8727E25AE1001DC9F8 /* ScreenOne.swift */ = {isa = PBXFileReference; lastKnownFileType = sourcecode.swift; path = ScreenOne.swift; sourceTree = "<group>"; };
		22399B8927E262B4001DC9F8 /* Buttons.swift */ = {isa = PBXFileReference; lastKnownFileType = sourcecode.swift; path = Buttons.swift; sourceTree = "<group>"; };
		22399B8B27E2639C001DC9F8 /* UIButton+Buttons.swift */ = {isa = PBXFileReference; lastKnownFileType = sourcecode.swift; path = "UIButton+Buttons.swift"; sourceTree = "<group>"; };
		22399B8F27E281E8001DC9F8 /* CostumViews.swift */ = {isa = PBXFileReference; lastKnownFileType = sourcecode.swift; path = CostumViews.swift; sourceTree = "<group>"; };
		22BBC1BC27E2577100EAC87A /* AVFoundation-Estudos.app */ = {isa = PBXFileReference; explicitFileType = wrapper.application; includeInIndex = 0; path = "AVFoundation-Estudos.app"; sourceTree = BUILT_PRODUCTS_DIR; };
		22BBC1BF27E2577100EAC87A /* AppDelegate.swift */ = {isa = PBXFileReference; lastKnownFileType = sourcecode.swift; path = AppDelegate.swift; sourceTree = "<group>"; };
		22BBC1C127E2577100EAC87A /* SceneDelegate.swift */ = {isa = PBXFileReference; lastKnownFileType = sourcecode.swift; path = SceneDelegate.swift; sourceTree = "<group>"; };
		22BBC1C327E2577100EAC87A /* ViewController.swift */ = {isa = PBXFileReference; lastKnownFileType = sourcecode.swift; path = ViewController.swift; sourceTree = "<group>"; };
		22BBC1C827E2577200EAC87A /* Assets.xcassets */ = {isa = PBXFileReference; lastKnownFileType = folder.assetcatalog; path = Assets.xcassets; sourceTree = "<group>"; };
		22BBC1CB27E2577200EAC87A /* Base */ = {isa = PBXFileReference; lastKnownFileType = file.storyboard; name = Base; path = Base.lproj/LaunchScreen.storyboard; sourceTree = "<group>"; };
		22BBC1CD27E2577200EAC87A /* Info.plist */ = {isa = PBXFileReference; lastKnownFileType = text.plist.xml; path = Info.plist; sourceTree = "<group>"; };
		22C105F527E8ED0D0095EB3E /* Som-Colisao.mp3 */ = {isa = PBXFileReference; lastKnownFileType = audio.mp3; path = "Som-Colisao.mp3"; sourceTree = "<group>"; };
		22C105F627E8ED0D0095EB3E /* Som-Botao.mp3 */ = {isa = PBXFileReference; lastKnownFileType = audio.mp3; path = "Som-Botao.mp3"; sourceTree = "<group>"; };
		22C105F727E8ED0D0095EB3E /* Musica-Fundo.mp3 */ = {isa = PBXFileReference; lastKnownFileType = audio.mp3; path = "Musica-Fundo.mp3"; sourceTree = "<group>"; };
		22C105F827E8ED0D0095EB3E /* Som-Swipe.mp3 */ = {isa = PBXFileReference; lastKnownFileType = audio.mp3; path = "Som-Swipe.mp3"; sourceTree = "<group>"; };
/* End PBXFileReference section */

/* Begin PBXFrameworksBuildPhase section */
		22BBC1B927E2577100EAC87A /* Frameworks */ = {
			isa = PBXFrameworksBuildPhase;
			buildActionMask = 2147483647;
			files = (
			);
			runOnlyForDeploymentPostprocessing = 0;
		};
/* End PBXFrameworksBuildPhase section */

/* Begin PBXGroup section */
		22399B7C27E2581F001DC9F8 /* System */ = {
			isa = PBXGroup;
			children = (
				22BBC1BF27E2577100EAC87A /* AppDelegate.swift */,
				22BBC1C127E2577100EAC87A /* SceneDelegate.swift */,
			);
			path = System;
			sourceTree = "<group>";
		};
		22399B7D27E2582E001DC9F8 /* Assets */ = {
			isa = PBXGroup;
			children = (
				22C105F727E8ED0D0095EB3E /* Musica-Fundo.mp3 */,
				22C105F627E8ED0D0095EB3E /* Som-Botao.mp3 */,
				22C105F527E8ED0D0095EB3E /* Som-Colisao.mp3 */,
				22C105F827E8ED0D0095EB3E /* Som-Swipe.mp3 */,
				22BBC1C827E2577200EAC87A /* Assets.xcassets */,
			);
			path = Assets;
			sourceTree = "<group>";
		};
		22399B7E27E25836001DC9F8 /* View */ = {
			isa = PBXGroup;
			children = (
				22BBC1CA27E2577200EAC87A /* LaunchScreen.storyboard */,
				22399B8E27E281D9001DC9F8 /* Complements */,
				22399B8727E25AE1001DC9F8 /* ScreenOne.swift */,
			);
			path = View;
			sourceTree = "<group>";
		};
		22399B7F27E2583B001DC9F8 /* Controller */ = {
			isa = PBXGroup;
			children = (
				22BBC1C327E2577100EAC87A /* ViewController.swift */,
				22399B8127E258E3001DC9F8 /* AudioController.swift */,
			);
			path = Controller;
			sourceTree = "<group>";
		};
		22399B8027E25840001DC9F8 /* Model */ = {
			isa = PBXGroup;
			children = (
				22399B8527E25980001DC9F8 /* Audio.swift */,
				22399B8927E262B4001DC9F8 /* Buttons.swift */,
			);
			path = Model;
			sourceTree = "<group>";
		};
		22399B8D27E263A2001DC9F8 /* Extension */ = {
			isa = PBXGroup;
			children = (
				22399B8B27E2639C001DC9F8 /* UIButton+Buttons.swift */,
			);
			path = Extension;
			sourceTree = "<group>";
		};
		22399B8E27E281D9001DC9F8 /* Complements */ = {
			isa = PBXGroup;
			children = (
				22399B8F27E281E8001DC9F8 /* CostumViews.swift */,
			);
			path = Complements;
			sourceTree = "<group>";
		};
		22BBC1B327E2577000EAC87A = {
			isa = PBXGroup;
			children = (
				22399B7D27E2582E001DC9F8 /* Assets */,
				22BBC1BE27E2577100EAC87A /* AVFoundation */,
				22BBC1BD27E2577100EAC87A /* Products */,
			);
			sourceTree = "<group>";
		};
		22BBC1BD27E2577100EAC87A /* Products */ = {
			isa = PBXGroup;
			children = (
				22BBC1BC27E2577100EAC87A /* AVFoundation-Estudos.app */,
			);
			name = Products;
			sourceTree = "<group>";
		};
		22BBC1BE27E2577100EAC87A /* AVFoundation */ = {
			isa = PBXGroup;
			children = (
				22399B8D27E263A2001DC9F8 /* Extension */,
				22399B8027E25840001DC9F8 /* Model */,
				22399B7E27E25836001DC9F8 /* View */,
				22399B7F27E2583B001DC9F8 /* Controller */,
				22BBC1D427E257E900EAC87A /* Delegate */,
				22BBC1CD27E2577200EAC87A /* Info.plist */,
			);
			path = AVFoundation;
			sourceTree = "<group>";
		};
		22BBC1D427E257E900EAC87A /* Delegate */ = {
			isa = PBXGroup;
			children = (
				22399B7C27E2581F001DC9F8 /* System */,
				22399B8327E25940001DC9F8 /* AudioDelegate.swift */,
			);
			path = Delegate;
			sourceTree = "<group>";
		};
/* End PBXGroup section */

/* Begin PBXNativeTarget section */
		22BBC1BB27E2577100EAC87A /* AVFoundation-Estudos */ = {
			isa = PBXNativeTarget;
			buildConfigurationList = 22BBC1D027E2577200EAC87A /* Build configuration list for PBXNativeTarget "AVFoundation-Estudos" */;
			buildPhases = (
				22BBC1B827E2577100EAC87A /* Sources */,
				22BBC1B927E2577100EAC87A /* Frameworks */,
				22BBC1BA27E2577100EAC87A /* Resources */,
			);
			buildRules = (
			);
			dependencies = (
			);
			name = "AVFoundation-Estudos";
			productName = AVFoundation;
			productReference = 22BBC1BC27E2577100EAC87A /* AVFoundation-Estudos.app */;
			productType = "com.apple.product-type.application";
		};
/* End PBXNativeTarget section */

/* Begin PBXProject section */
		22BBC1B427E2577000EAC87A /* Project object */ = {
			isa = PBXProject;
			attributes = {
				BuildIndependentTargetsInParallel = 1;
				LastSwiftUpdateCheck = 1330;
				LastUpgradeCheck = 1330;
				TargetAttributes = {
					22BBC1BB27E2577100EAC87A = {
						CreatedOnToolsVersion = 13.3;
					};
				};
			};
			buildConfigurationList = 22BBC1B727E2577000EAC87A /* Build configuration list for PBXProject "AVFoundation-Estudos" */;
			compatibilityVersion = "Xcode 13.0";
			developmentRegion = en;
			hasScannedForEncodings = 0;
			knownRegions = (
				en,
				Base,
			);
			mainGroup = 22BBC1B327E2577000EAC87A;
			productRefGroup = 22BBC1BD27E2577100EAC87A /* Products */;
			projectDirPath = "";
			projectRoot = "";
			targets = (
				22BBC1BB27E2577100EAC87A /* AVFoundation-Estudos */,
			);
		};
/* End PBXProject section */

/* Begin PBXResourcesBuildPhase section */
		22BBC1BA27E2577100EAC87A /* Resources */ = {
			isa = PBXResourcesBuildPhase;
			buildActionMask = 2147483647;
			files = (
				22C105FA27E8ED0D0095EB3E /* Som-Botao.mp3 in Resources */,
				22C105F927E8ED0D0095EB3E /* Som-Colisao.mp3 in Resources */,
				22C105FB27E8ED0D0095EB3E /* Musica-Fundo.mp3 in Resources */,
				22C105FC27E8ED0D0095EB3E /* Som-Swipe.mp3 in Resources */,
				22BBC1CC27E2577200EAC87A /* LaunchScreen.storyboard in Resources */,
				22BBC1C927E2577200EAC87A /* Assets.xcassets in Resources */,
			);
			runOnlyForDeploymentPostprocessing = 0;
		};
/* End PBXResourcesBuildPhase section */

/* Begin PBXSourcesBuildPhase section */
		22BBC1B827E2577100EAC87A /* Sources */ = {
			isa = PBXSourcesBuildPhase;
			buildActionMask = 2147483647;
			files = (
				22399B8C27E2639C001DC9F8 /* UIButton+Buttons.swift in Sources */,
				22399B8627E25980001DC9F8 /* Audio.swift in Sources */,
				22BBC1C427E2577100EAC87A /* ViewController.swift in Sources */,
				22399B8827E25AE1001DC9F8 /* ScreenOne.swift in Sources */,
				22BBC1C027E2577100EAC87A /* AppDelegate.swift in Sources */,
				22399B8227E258E3001DC9F8 /* AudioController.swift in Sources */,
				22BBC1C227E2577100EAC87A /* SceneDelegate.swift in Sources */,
				22399B9027E281E8001DC9F8 /* CostumViews.swift in Sources */,
				22399B8427E25940001DC9F8 /* AudioDelegate.swift in Sources */,
				22399B8A27E262B4001DC9F8 /* Buttons.swift in Sources */,
			);
			runOnlyForDeploymentPostprocessing = 0;
		};
/* End PBXSourcesBuildPhase section */

/* Begin PBXVariantGroup section */
		22BBC1CA27E2577200EAC87A /* LaunchScreen.storyboard */ = {
			isa = PBXVariantGroup;
			children = (
				22BBC1CB27E2577200EAC87A /* Base */,
			);
			name = LaunchScreen.storyboard;
			sourceTree = "<group>";
		};
/* End PBXVariantGroup section */

/* Begin XCBuildConfiguration section */
		22BBC1CE27E2577200EAC87A /* Debug */ = {
			isa = XCBuildConfiguration;
			buildSettings = {
				ALWAYS_SEARCH_USER_PATHS = NO;
				CLANG_ANALYZER_NONNULL = YES;
				CLANG_ANALYZER_NUMBER_OBJECT_CONVERSION = YES_AGGRESSIVE;
				CLANG_CXX_LANGUAGE_STANDARD = "gnu++17";
				CLANG_ENABLE_MODULES = YES;
				CLANG_ENABLE_OBJC_ARC = YES;
				CLANG_ENABLE_OBJC_WEAK = YES;
				CLANG_WARN_BLOCK_CAPTURE_AUTORELEASING = YES;
				CLANG_WARN_BOOL_CONVERSION = YES;
				CLANG_WARN_COMMA = YES;
				CLANG_WARN_CONSTANT_CONVERSION = YES;
				CLANG_WARN_DEPRECATED_OBJC_IMPLEMENTATIONS = YES;
				CLANG_WARN_DIRECT_OBJC_ISA_USAGE = YES_ERROR;
				CLANG_WARN_DOCUMENTATION_COMMENTS = YES;
				CLANG_WARN_EMPTY_BODY = YES;
				CLANG_WARN_ENUM_CONVERSION = YES;
				CLANG_WARN_INFINITE_RECURSION = YES;
				CLANG_WARN_INT_CONVERSION = YES;
				CLANG_WARN_NON_LITERAL_NULL_CONVERSION = YES;
				CLANG_WARN_OBJC_IMPLICIT_RETAIN_SELF = YES;
				CLANG_WARN_OBJC_LITERAL_CONVERSION = YES;
				CLANG_WARN_OBJC_ROOT_CLASS = YES_ERROR;
				CLANG_WARN_QUOTED_INCLUDE_IN_FRAMEWORK_HEADER = YES;
				CLANG_WARN_RANGE_LOOP_ANALYSIS = YES;
				CLANG_WARN_STRICT_PROTOTYPES = YES;
				CLANG_WARN_SUSPICIOUS_MOVE = YES;
				CLANG_WARN_UNGUARDED_AVAILABILITY = YES_AGGRESSIVE;
				CLANG_WARN_UNREACHABLE_CODE = YES;
				CLANG_WARN__DUPLICATE_METHOD_MATCH = YES;
				COPY_PHASE_STRIP = NO;
				DEBUG_INFORMATION_FORMAT = dwarf;
				ENABLE_STRICT_OBJC_MSGSEND = YES;
				ENABLE_TESTABILITY = YES;
				GCC_C_LANGUAGE_STANDARD = gnu11;
				GCC_DYNAMIC_NO_PIC = NO;
				GCC_NO_COMMON_BLOCKS = YES;
				GCC_OPTIMIZATION_LEVEL = 0;
				GCC_PREPROCESSOR_DEFINITIONS = (
					"DEBUG=1",
					"$(inherited)",
				);
				GCC_WARN_64_TO_32_BIT_CONVERSION = YES;
				GCC_WARN_ABOUT_RETURN_TYPE = YES_ERROR;
				GCC_WARN_UNDECLARED_SELECTOR = YES;
				GCC_WARN_UNINITIALIZED_AUTOS = YES_AGGRESSIVE;
				GCC_WARN_UNUSED_FUNCTION = YES;
				GCC_WARN_UNUSED_VARIABLE = YES;
				IPHONEOS_DEPLOYMENT_TARGET = 14.5;
				MTL_ENABLE_DEBUG_INFO = INCLUDE_SOURCE;
				MTL_FAST_MATH = YES;
				ONLY_ACTIVE_ARCH = YES;
				SDKROOT = iphoneos;
				SWIFT_ACTIVE_COMPILATION_CONDITIONS = DEBUG;
				SWIFT_OPTIMIZATION_LEVEL = "-Onone";
			};
			name = Debug;
		};
		22BBC1CF27E2577200EAC87A /* Release */ = {
			isa = XCBuildConfiguration;
			buildSettings = {
				ALWAYS_SEARCH_USER_PATHS = NO;
				CLANG_ANALYZER_NONNULL = YES;
				CLANG_ANALYZER_NUMBER_OBJECT_CONVERSION = YES_AGGRESSIVE;
				CLANG_CXX_LANGUAGE_STANDARD = "gnu++17";
				CLANG_ENABLE_MODULES = YES;
				CLANG_ENABLE_OBJC_ARC = YES;
				CLANG_ENABLE_OBJC_WEAK = YES;
				CLANG_WARN_BLOCK_CAPTURE_AUTORELEASING = YES;
				CLANG_WARN_BOOL_CONVERSION = YES;
				CLANG_WARN_COMMA = YES;
				CLANG_WARN_CONSTANT_CONVERSION = YES;
				CLANG_WARN_DEPRECATED_OBJC_IMPLEMENTATIONS = YES;
				CLANG_WARN_DIRECT_OBJC_ISA_USAGE = YES_ERROR;
				CLANG_WARN_DOCUMENTATION_COMMENTS = YES;
				CLANG_WARN_EMPTY_BODY = YES;
				CLANG_WARN_ENUM_CONVERSION = YES;
				CLANG_WARN_INFINITE_RECURSION = YES;
				CLANG_WARN_INT_CONVERSION = YES;
				CLANG_WARN_NON_LITERAL_NULL_CONVERSION = YES;
				CLANG_WARN_OBJC_IMPLICIT_RETAIN_SELF = YES;
				CLANG_WARN_OBJC_LITERAL_CONVERSION = YES;
				CLANG_WARN_OBJC_ROOT_CLASS = YES_ERROR;
				CLANG_WARN_QUOTED_INCLUDE_IN_FRAMEWORK_HEADER = YES;
				CLANG_WARN_RANGE_LOOP_ANALYSIS = YES;
				CLANG_WARN_STRICT_PROTOTYPES = YES;
				CLANG_WARN_SUSPICIOUS_MOVE = YES;
				CLANG_WARN_UNGUARDED_AVAILABILITY = YES_AGGRESSIVE;
				CLANG_WARN_UNREACHABLE_CODE = YES;
				CLANG_WARN__DUPLICATE_METHOD_MATCH = YES;
				COPY_PHASE_STRIP = NO;
				DEBUG_INFORMATION_FORMAT = "dwarf-with-dsym";
				ENABLE_NS_ASSERTIONS = NO;
				ENABLE_STRICT_OBJC_MSGSEND = YES;
				GCC_C_LANGUAGE_STANDARD = gnu11;
				GCC_NO_COMMON_BLOCKS = YES;
				GCC_WARN_64_TO_32_BIT_CONVERSION = YES;
				GCC_WARN_ABOUT_RETURN_TYPE = YES_ERROR;
				GCC_WARN_UNDECLARED_SELECTOR = YES;
				GCC_WARN_UNINITIALIZED_AUTOS = YES_AGGRESSIVE;
				GCC_WARN_UNUSED_FUNCTION = YES;
				GCC_WARN_UNUSED_VARIABLE = YES;
				IPHONEOS_DEPLOYMENT_TARGET = 14.5;
				MTL_ENABLE_DEBUG_INFO = NO;
				MTL_FAST_MATH = YES;
				SDKROOT = iphoneos;
				SWIFT_COMPILATION_MODE = wholemodule;
				SWIFT_OPTIMIZATION_LEVEL = "-O";
				VALIDATE_PRODUCT = YES;
			};
			name = Release;
		};
		22BBC1D127E2577200EAC87A /* Debug */ = {
			isa = XCBuildConfiguration;
			buildSettings = {
				ASSETCATALOG_COMPILER_APPICON_NAME = AppIcon;
				ASSETCATALOG_COMPILER_GLOBAL_ACCENT_COLOR_NAME = AccentColor;
				CODE_SIGN_STYLE = Automatic;
				CURRENT_PROJECT_VERSION = 1;
				DEVELOPMENT_TEAM = 534V229RMK;
				GENERATE_INFOPLIST_FILE = YES;
				INFOPLIST_FILE = AVFoundation/Info.plist;
				INFOPLIST_KEY_UIApplicationSupportsIndirectInputEvents = YES;
				INFOPLIST_KEY_UILaunchStoryboardName = LaunchScreen;
				INFOPLIST_KEY_UISupportedInterfaceOrientations = UIInterfaceOrientationPortrait;
				INFOPLIST_KEY_UISupportedInterfaceOrientations_iPad = "UIInterfaceOrientationPortrait UIInterfaceOrientationPortraitUpsideDown";
				INFOPLIST_KEY_UISupportedInterfaceOrientations_iPhone = UIInterfaceOrientationPortrait;
				LD_RUNPATH_SEARCH_PATHS = (
					"$(inherited)",
					"@executable_path/Frameworks",
				);
				MARKETING_VERSION = 1.0;
				PRODUCT_BUNDLE_IDENTIFIER = GUILHERME.REIS.AVFoundation;
				PRODUCT_NAME = "$(TARGET_NAME)";
				SWIFT_EMIT_LOC_STRINGS = YES;
				SWIFT_VERSION = 5.0;
				TARGETED_DEVICE_FAMILY = "1,2";
			};
			name = Debug;
		};
		22BBC1D227E2577200EAC87A /* Release */ = {
			isa = XCBuildConfiguration;
			buildSettings = {
				ASSETCATALOG_COMPILER_APPICON_NAME = AppIcon;
				ASSETCATALOG_COMPILER_GLOBAL_ACCENT_COLOR_NAME = AccentColor;
				CODE_SIGN_STYLE = Automatic;
				CURRENT_PROJECT_VERSION = 1;
				DEVELOPMENT_TEAM = 534V229RMK;
				GENERATE_INFOPLIST_FILE = YES;
				INFOPLIST_FILE = AVFoundation/Info.plist;
				INFOPLIST_KEY_UIApplicationSupportsIndirectInputEvents = YES;
				INFOPLIST_KEY_UILaunchStoryboardName = LaunchScreen;
				INFOPLIST_KEY_UISupportedInterfaceOrientations = UIInterfaceOrientationPortrait;
				INFOPLIST_KEY_UISupportedInterfaceOrientations_iPad = "UIInterfaceOrientationPortrait UIInterfaceOrientationPortraitUpsideDown";
				INFOPLIST_KEY_UISupportedInterfaceOrientations_iPhone = UIInterfaceOrientationPortrait;
				LD_RUNPATH_SEARCH_PATHS = (
					"$(inherited)",
					"@executable_path/Frameworks",
				);
				MARKETING_VERSION = 1.0;
				PRODUCT_BUNDLE_IDENTIFIER = GUILHERME.REIS.AVFoundation;
				PRODUCT_NAME = "$(TARGET_NAME)";
				SWIFT_EMIT_LOC_STRINGS = YES;
				SWIFT_VERSION = 5.0;
				TARGETED_DEVICE_FAMILY = "1,2";
			};
			name = Release;
		};
/* End XCBuildConfiguration section */

/* Begin XCConfigurationList section */
		22BBC1B727E2577000EAC87A /* Build configuration list for PBXProject "AVFoundation-Estudos" */ = {
			isa = XCConfigurationList;
			buildConfigurations = (
				22BBC1CE27E2577200EAC87A /* Debug */,
				22BBC1CF27E2577200EAC87A /* Release */,
			);
			defaultConfigurationIsVisible = 0;
			defaultConfigurationName = Release;
		};
		22BBC1D027E2577200EAC87A /* Build configuration list for PBXNativeTarget "AVFoundation-Estudos" */ = {
			isa = XCConfigurationList;
			buildConfigurations = (
				22BBC1D127E2577200EAC87A /* Debug */,
				22BBC1D227E2577200EAC87A /* Release */,
			);
			defaultConfigurationIsVisible = 0;
			defaultConfigurationName = Release;
		};
/* End XCConfigurationList section */
	};
	rootObject = 22BBC1B427E2577000EAC87A /* Project object */;
}
